
Microsoft Visual Studio Solution File, Format Version 12.00
# Visual Studio 15
VisualStudioVersion = 15.0.28307.572
MinimumVisualStudioVersion = 10.0.40219.1
Project("{FAE04EC0-301F-11D3-BF4B-00C04F79EFBC}") = "Server", "Server\Server.csproj", "{38A351EC-CC54-4236-9772-52EE716C9910}"
EndProject
Project("{FAE04EC0-301F-11D3-BF4B-00C04F79EFBC}") = "Client", "Client\Client.csproj", "{F3F216F6-72A2-4F40-BC63-DBBA0BC331B6}"
EndProject
Project("{FAE04EC0-301F-11D3-BF4B-00C04F79EFBC}") = "Machinestates", "Machinestates\Machinestates.csproj", "{B6691737-3A58-409A-9E93-4AB2B905045B}"
EndProject
Global
	GlobalSection(SolutionConfigurationPlatforms) = preSolution
		Debug|Any CPU = Debug|Any CPU
		Release|Any CPU = Release|Any CPU
	EndGlobalSection
	GlobalSection(ProjectConfigurationPlatforms) = postSolution
		{38A351EC-CC54-4236-9772-52EE716C9910}.Debug|Any CPU.ActiveCfg = Debug|Any CPU
		{38A351EC-CC54-4236-9772-52EE716C9910}.Debug|Any CPU.Build.0 = Debug|Any CPU
		{38A351EC-CC54-4236-9772-52EE716C9910}.Release|Any CPU.ActiveCfg = Release|Any CPU
		{38A351EC-CC54-4236-9772-52EE716C9910}.Release|Any CPU.Build.0 = Release|Any CPU
		{F3F216F6-72A2-4F40-BC63-DBBA0BC331B6}.Debug|Any CPU.ActiveCfg = Debug|Any CPU
		{F3F216F6-72A2-4F40-BC63-DBBA0BC331B6}.Debug|Any CPU.Build.0 = Debug|Any CPU
		{F3F216F6-72A2-4F40-BC63-DBBA0BC331B6}.Release|Any CPU.ActiveCfg = Release|Any CPU
		{F3F216F6-72A2-4F40-BC63-DBBA0BC331B6}.Release|Any CPU.Build.0 = Release|Any CPU
		{B6691737-3A58-409A-9E93-4AB2B905045B}.Debug|Any CPU.ActiveCfg = Debug|Any CPU
		{B6691737-3A58-409A-9E93-4AB2B905045B}.Debug|Any CPU.Build.0 = Debug|Any CPU
		{B6691737-3A58-409A-9E93-4AB2B905045B}.Release|Any CPU.ActiveCfg = Release|Any CPU
		{B6691737-3A58-409A-9E93-4AB2B905045B}.Release|Any CPU.Build.0 = Release|Any CPU
	EndGlobalSection
	GlobalSection(SolutionProperties) = preSolution
		HideSolutionNode = FALSE
	EndGlobalSection
	GlobalSection(ExtensibilityGlobals) = postSolution
		SolutionGuid = {288A4AC0-37A4-49DF-B0F8-E7040EFBF1C1}
	EndGlobalSection
EndGlobal
